// !$*UTF8*$!
{
	archiveVersion = 1;
	classes = {
	};
	objectVersion = 46;
	objects = {

/* Begin PBXBuildFile section */
		F09F4A6F1EA35DBA00EB92F4 /* AppDelegate.swift in Sources */ = {isa = PBXBuildFile; fileRef = F09F4A6E1EA35DBA00EB92F4 /* AppDelegate.swift */; };
		F09F4A741EA35DBA00EB92F4 /* Main.storyboard in Resources */ = {isa = PBXBuildFile; fileRef = F09F4A721EA35DBA00EB92F4 /* Main.storyboard */; };
		F09F4A761EA35DBA00EB92F4 /* Assets.xcassets in Resources */ = {isa = PBXBuildFile; fileRef = F09F4A751EA35DBA00EB92F4 /* Assets.xcassets */; };
		F09F4A791EA35DBA00EB92F4 /* LaunchScreen.storyboard in Resources */ = {isa = PBXBuildFile; fileRef = F09F4A771EA35DBA00EB92F4 /* LaunchScreen.storyboard */; };
		F09F4A811EA35DEC00EB92F4 /* ViewController.swift in Sources */ = {isa = PBXBuildFile; fileRef = F09F4A801EA35DEC00EB92F4 /* ViewController.swift */; };
		F09F4A831EA35E5C00EB92F4 /* DecorationSectionFlowLayout.swift in Sources */ = {isa = PBXBuildFile; fileRef = F09F4A821EA35E5C00EB92F4 /* DecorationSectionFlowLayout.swift */; };
/* End PBXBuildFile section */

/* Begin PBXFileReference section */
		F09F4A6B1EA35DB900EB92F4 /* DecorationSectionCollectionView.app */ = {isa = PBXFileReference; explicitFileType = wrapper.application; includeInIndex = 0; path = DecorationSectionCollectionView.app; sourceTree = BUILT_PRODUCTS_DIR; };
		F09F4A6E1EA35DBA00EB92F4 /* AppDelegate.swift */ = {isa = PBXFileReference; lastKnownFileType = sourcecode.swift; path = AppDelegate.swift; sourceTree = "<group>"; };
		F09F4A731EA35DBA00EB92F4 /* Base */ = {isa = PBXFileReference; lastKnownFileType = file.storyboard; name = Base; path = Base.lproj/Main.storyboard; sourceTree = "<group>"; };
		F09F4A751EA35DBA00EB92F4 /* Assets.xcassets */ = {isa = PBXFileReference; lastKnownFileType = folder.assetcatalog; path = Assets.xcassets; sourceTree = "<group>"; };
		F09F4A781EA35DBA00EB92F4 /* Base */ = {isa = PBXFileReference; lastKnownFileType = file.storyboard; name = Base; path = Base.lproj/LaunchScreen.storyboard; sourceTree = "<group>"; };
		F09F4A7A1EA35DBA00EB92F4 /* Info.plist */ = {isa = PBXFileReference; lastKnownFileType = text.plist.xml; path = Info.plist; sourceTree = "<group>"; };
		F09F4A801EA35DEC00EB92F4 /* ViewController.swift */ = {isa = PBXFileReference; fileEncoding = 4; lastKnownFileType = sourcecode.swift; path = ViewController.swift; sourceTree = "<group>"; };
		F09F4A821EA35E5C00EB92F4 /* DecorationSectionFlowLayout.swift */ = {isa = PBXFileReference; fileEncoding = 4; lastKnownFileType = sourcecode.swift; path = DecorationSectionFlowLayout.swift; sourceTree = "<group>"; };
/* End PBXFileReference section */

/* Begin PBXFrameworksBuildPhase section */
		F09F4A681EA35DB900EB92F4 /* Frameworks */ = {
			isa = PBXFrameworksBuildPhase;
			buildActionMask = 2147483647;
			files = (
			);
			runOnlyForDeploymentPostprocessing = 0;
		};
/* End PBXFrameworksBuildPhase section */

/* Begin PBXGroup section */
		F09F4A621EA35DB900EB92F4 = {
			isa = PBXGroup;
			children = (
				F09F4A6D1EA35DB900EB92F4 /* DecorationSectionCollectionView */,
				F09F4A6C1EA35DB900EB92F4 /* Products */,
			);
			sourceTree = "<group>";
		};
		F09F4A6C1EA35DB900EB92F4 /* Products */ = {
			isa = PBXGroup;
			children = (
				F09F4A6B1EA35DB900EB92F4 /* DecorationSectionCollectionView.app */,
			);
			name = Products;
			sourceTree = "<group>";
		};
		F09F4A6D1EA35DB900EB92F4 /* DecorationSectionCollectionView */ = {
			isa = PBXGroup;
			children = (
				F09F4A6E1EA35DBA00EB92F4 /* AppDelegate.swift */,
				F09F4A801EA35DEC00EB92F4 /* ViewController.swift */,
				F09F4A821EA35E5C00EB92F4 /* DecorationSectionFlowLayout.swift */,
				F09F4A721EA35DBA00EB92F4 /* Main.storyboard */,
				F09F4A751EA35DBA00EB92F4 /* Assets.xcassets */,
				F09F4A771EA35DBA00EB92F4 /* LaunchScreen.storyboard */,
				F09F4A7A1EA35DBA00EB92F4 /* Info.plist */,
			);
			path = DecorationSectionCollectionView;
			sourceTree = "<group>";
		};
/* End PBXGroup section */

/* Begin PBXNativeTarget section */
		F09F4A6A1EA35DB900EB92F4 /* DecorationSectionCollectionView */ = {
			isa = PBXNativeTarget;
			buildConfigurationList = F09F4A7D1EA35DBA00EB92F4 /* Build configuration list for PBXNativeTarget "DecorationSectionCollectionView" */;
			buildPhases = (
				F09F4A671EA35DB900EB92F4 /* Sources */,
				F09F4A681EA35DB900EB92F4 /* Frameworks */,
				F09F4A691EA35DB900EB92F4 /* Resources */,
			);
			buildRules = (
			);
			dependencies = (
			);
			name = DecorationSectionCollectionView;
			productName = DecorationSectionCollectionView;
			productReference = F09F4A6B1EA35DB900EB92F4 /* DecorationSectionCollectionView.app */;
			productType = "com.apple.product-type.application";
		};
/* End PBXNativeTarget section */

/* Begin PBXProject section */
		F09F4A631EA35DB900EB92F4 /* Project object */ = {
			isa = PBXProject;
			attributes = {
				LastSwiftUpdateCheck = 0830;
				LastUpgradeCheck = 0830;
				ORGANIZATIONNAME = VictorChee;
				TargetAttributes = {
					F09F4A6A1EA35DB900EB92F4 = {
						CreatedOnToolsVersion = 8.3;
						DevelopmentTeam = YA5C67G66D;
						ProvisioningStyle = Automatic;
					};
				};
			};
			buildConfigurationList = F09F4A661EA35DB900EB92F4 /* Build configuration list for PBXProject "DecorationSectionCollectionView" */;
			compatibilityVersion = "Xcode 3.2";
			developmentRegion = English;
			hasScannedForEncodings = 0;
			knownRegions = (
				en,
				Base,
			);
			mainGroup = F09F4A621EA35DB900EB92F4;
			productRefGroup = F09F4A6C1EA35DB900EB92F4 /* Products */;
			projectDirPath = "";
			projectRoot = "";
			targets = (
				F09F4A6A1EA35DB900EB92F4 /* DecorationSectionCollectionView */,
			);
		};
/* End PBXProject section */

/* Begin PBXResourcesBuildPhase section */
		F09F4A691EA35DB900EB92F4 /* Resources */ = {
			isa = PBXResourcesBuildPhase;
			buildActionMask = 2147483647;
			files = (
				F09F4A791EA35DBA00EB92F4 /* LaunchScreen.storyboard in Resources */,
				F09F4A761EA35DBA00EB92F4 /* Assets.xcassets in Resources */,
				F09F4A741EA35DBA00EB92F4 /* Main.storyboard in Resources */,
			);
			runOnlyForDeploymentPostprocessing = 0;
		};
/* End PBXResourcesBuildPhase section */

/* Begin PBXSourcesBuildPhase section */
		F09F4A671EA35DB900EB92F4 /* Sources */ = {
			isa = PBXSourcesBuildPhase;
			buildActionMask = 2147483647;
			files = (
				F09F4A811EA35DEC00EB92F4 /* ViewController.swift in Sources */,
				F09F4A831EA35E5C00EB92F4 /* DecorationSectionFlowLayout.swift in Sources */,
				F09F4A6F1EA35DBA00EB92F4 /* AppDelegate.swift in Sources */,
			);
			runOnlyForDeploymentPostprocessing = 0;
		};
/* End PBXSourcesBuildPhase section */

/* Begin PBXVariantGroup section */
		F09F4A721EA35DBA00EB92F4 /* Main.storyboard */ = {
			isa = PBXVariantGroup;
			children = (
				F09F4A731EA35DBA00EB92F4 /* Base */,
			);
			name = Main.storyboard;
			sourceTree = "<group>";
		};
		F09F4A771EA35DBA00EB92F4 /* LaunchScreen.storyboard */ = {
			isa = PBXVariantGroup;
			children = (
				F09F4A781EA35DBA00EB92F4 /* Base */,
			);
			name = LaunchScreen.storyboard;
			sourceTree = "<group>";
		};
/* End PBXVariantGroup section */

/* Begin XCBuildConfiguration section */
		F09F4A7B1EA35DBA00EB92F4 /* Debug */ = {
			isa = XCBuildConfiguration;
			buildSettings = {
				ALWAYS_SEARCH_USER_PATHS = NO;
				CLANG_ANALYZER_NONNULL = YES;
				CLANG_ANALYZER_NUMBER_OBJECT_CONVERSION = YES_AGGRESSIVE;
				CLANG_CXX_LANGUAGE_STANDARD = "gnu++0x";
				CLANG_CXX_LIBRARY = "libc++";
				CLANG_ENABLE_MODULES = YES;
				CLANG_ENABLE_OBJC_ARC = YES;
				CLANG_WARN_BOOL_CONVERSION = YES;
				CLANG_WARN_CONSTANT_CONVERSION = YES;
				CLANG_WARN_DIRECT_OBJC_ISA_USAGE = YES_ERROR;
				CLANG_WARN_DOCUMENTATION_COMMENTS = YES;
				CLANG_WARN_EMPTY_BODY = YES;
				CLANG_WARN_ENUM_CONVERSION = YES;
				CLANG_WARN_INFINITE_RECURSION = YES;
				CLANG_WARN_INT_CONVERSION = YES;
				CLANG_WARN_OBJC_ROOT_CLASS = YES_ERROR;
				CLANG_WARN_SUSPICIOUS_MOVE = YES;
				CLANG_WARN_UNREACHABLE_CODE = YES;
				CLANG_WARN__DUPLICATE_METHOD_MATCH = YES;
				"CODE_SIGN_IDENTITY[sdk=iphoneos*]" = "iPhone Developer";
				COPY_PHASE_STRIP = NO;
				DEBUG_INFORMATION_FORMAT = dwarf;
				ENABLE_STRICT_OBJC_MSGSEND = YES;
				ENABLE_TESTABILITY = YES;
				GCC_C_LANGUAGE_STANDARD = gnu99;
				GCC_DYNAMIC_NO_PIC = NO;
				GCC_NO_COMMON_BLOCKS = YES;
				GCC_OPTIMIZATION_LEVEL = 0;
				GCC_PREPROCESSOR_DEFINITIONS = (
					"DEBUG=1",
					"$(inherited)",
				);
				GCC_WARN_64_TO_32_BIT_CONVERSION = YES;
				GCC_WARN_ABOUT_RETURN_TYPE = YES_ERROR;
				GCC_WARN_UNDECLARED_SELECTOR = YES;
				GCC_WARN_UNINITIALIZED_AUTOS = YES_AGGRESSIVE;
				GCC_WARN_UNUSED_FUNCTION = YES;
				GCC_WARN_UNUSED_VARIABLE = YES;
				IPHONEOS_DEPLOYMENT_TARGET = 10.3;
				MTL_ENABLE_DEBUG_INFO = YES;
				ONLY_ACTIVE_ARCH = YES;
				SDKROOT = iphoneos;
				SWIFT_ACTIVE_COMPILATION_CONDITIONS = DEBUG;
				SWIFT_OPTIMIZATION_LEVEL = "-Onone";
				TARGETED_DEVICE_FAMILY = "1,2";
			};
			name = Debug;
		};
		F09F4A7C1EA35DBA00EB92F4 /* Release */ = {
			isa = XCBuildConfiguration;
			buildSettings = {
				ALWAYS_SEARCH_USER_PATHS = NO;
				CLANG_ANALYZER_NONNULL = YES;
				CLANG_ANALYZER_NUMBER_OBJECT_CONVERSION = YES_AGGRESSIVE;
				CLANG_CXX_LANGUAGE_STANDARD = "gnu++0x";
				CLANG_CXX_LIBRARY = "libc++";
				CLANG_ENABLE_MODULES = YES;
				CLANG_ENABLE_OBJC_ARC = YES;
				CLANG_WARN_BOOL_CONVERSION = YES;
				CLANG_WARN_CONSTANT_CONVERSION = YES;
				CLANG_WARN_DIRECT_OBJC_ISA_USAGE = YES_ERROR;
				CLANG_WARN_DOCUMENTATION_COMMENTS = YES;
				CLANG_WARN_EMPTY_BODY = YES;
				CLANG_WARN_ENUM_CONVERSION = YES;
				CLANG_WARN_INFINITE_RECURSION = YES;
				CLANG_WARN_INT_CONVERSION = YES;
				CLANG_WARN_OBJC_ROOT_CLASS = YES_ERROR;
				CLANG_WARN_SUSPICIOUS_MOVE = YES;
				CLANG_WARN_UNREACHABLE_CODE = YES;
				CLANG_WARN__DUPLICATE_METHOD_MATCH = YES;
				"CODE_SIGN_IDENTITY[sdk=iphoneos*]" = "iPhone Developer";
				COPY_PHASE_STRIP = NO;
				DEBUG_INFORMATION_FORMAT = "dwarf-with-dsym";
				ENABLE_NS_ASSERTIONS = NO;
				ENABLE_STRICT_OBJC_MSGSEND = YES;
				GCC_C_LANGUAGE_STANDARD = gnu99;
				GCC_NO_COMMON_BLOCKS = YES;
				GCC_WARN_64_TO_32_BIT_CONVERSION = YES;
				GCC_WARN_ABOUT_RETURN_TYPE = YES_ERROR;
				GCC_WARN_UNDECLARED_SELECTOR = YES;
				GCC_WARN_UNINITIALIZED_AUTOS = YES_AGGRESSIVE;
				GCC_WARN_UNUSED_FUNCTION = YES;
				GCC_WARN_UNUSED_VARIABLE = YES;
				IPHONEOS_DEPLOYMENT_TARGET = 10.3;
				MTL_ENABLE_DEBUG_INFO = NO;
				SDKROOT = iphoneos;
				SWIFT_OPTIMIZATION_LEVEL = "-Owholemodule";
				TARGETED_DEVICE_FAMILY = "1,2";
				VALIDATE_PRODUCT = YES;
			};
			name = Release;
		};
		F09F4A7E1EA35DBA00EB92F4 /* Debug */ = {
			isa = XCBuildConfiguration;
			buildSettings = {
				ASSETCATALOG_COMPILER_APPICON_NAME = AppIcon;
				DEVELOPMENT_TEAM = YA5C67G66D;
				INFOPLIST_FILE = DecorationSectionCollectionView/Info.plist;
				LD_RUNPATH_SEARCH_PATHS = "$(inherited) @executable_path/Frameworks";
				PRODUCT_BUNDLE_IDENTIFIER = com.victorchee.DecorationSectionCollectionView;
				PRODUCT_NAME = "$(TARGET_NAME)";
				SWIFT_VERSION = 3.0;
			};
			name = Debug;
		};
		F09F4A7F1EA35DBA00EB92F4 /* Release */ = {
			isa = XCBuildConfiguration;
			buildSettings = {
				ASSETCATALOG_COMPILER_APPICON_NAME = AppIcon;
				DEVELOPMENT_TEAM = YA5C67G66D;
				INFOPLIST_FILE = DecorationSectionCollectionView/Info.plist;
				LD_RUNPATH_SEARCH_PATHS = "$(inherited) @executable_path/Frameworks";
				PRODUCT_BUNDLE_IDENTIFIER = com.victorchee.DecorationSectionCollectionView;
				PRODUCT_NAME = "$(TARGET_NAME)";
				SWIFT_VERSION = 3.0;
			};
			name = Release;
		};
/* End XCBuildConfiguration section */

/* Begin XCConfigurationList section */
		F09F4A661EA35DB900EB92F4 /* Build configuration list for PBXProject "DecorationSectionCollectionView" */ = {
			isa = XCConfigurationList;
			buildConfigurations = (
				F09F4A7B1EA35DBA00EB92F4 /* Debug */,
				F09F4A7C1EA35DBA00EB92F4 /* Release */,
			);
			defaultConfigurationIsVisible = 0;
			defaultConfigurationName = Release;
		};
		F09F4A7D1EA35DBA00EB92F4 /* Build configuration list for PBXNativeTarget "DecorationSectionCollectionView" */ = {
			isa = XCConfigurationList;
			buildConfigurations = (
				F09F4A7E1EA35DBA00EB92F4 /* Debug */,
				F09F4A7F1EA35DBA00EB92F4 /* Release */,
			);
			defaultConfigurationIsVisible = 0;
		};
/* End XCConfigurationList section */
	};
	rootObject = F09F4A631EA35DB900EB92F4 /* Project object */;
}
