// !$*UTF8*$!
{
	archiveVersion = 1;
	classes = {
	};
	objectVersion = 50;
	objects = {

/* Begin PBXBuildFile section */
		1F13F5C320A5473F005A26B9 /* CenteredCollectionViewFlowLayout.swift in Sources */ = {isa = PBXBuildFile; fileRef = 1F13F5C220A5473F005A26B9 /* CenteredCollectionViewFlowLayout.swift */; };
		1FCD9EFB20A54BE7008D0B93 /* PagingFlowLayout.swift in Sources */ = {isa = PBXBuildFile; fileRef = 1FCD9EFA20A54BE7008D0B93 /* PagingFlowLayout.swift */; };
		F0FC750520A4F99D004EB5F1 /* AppDelegate.swift in Sources */ = {isa = PBXBuildFile; fileRef = F0FC750420A4F99D004EB5F1 /* AppDelegate.swift */; };
		F0FC750720A4F99E004EB5F1 /* ViewController.swift in Sources */ = {isa = PBXBuildFile; fileRef = F0FC750620A4F99E004EB5F1 /* ViewController.swift */; };
		F0FC750A20A4F99E004EB5F1 /* Main.storyboard in Resources */ = {isa = PBXBuildFile; fileRef = F0FC750820A4F99E004EB5F1 /* Main.storyboard */; };
		F0FC750C20A4F9A0004EB5F1 /* Assets.xcassets in Resources */ = {isa = PBXBuildFile; fileRef = F0FC750B20A4F9A0004EB5F1 /* Assets.xcassets */; };
		F0FC750F20A4F9A0004EB5F1 /* LaunchScreen.storyboard in Resources */ = {isa = PBXBuildFile; fileRef = F0FC750D20A4F9A0004EB5F1 /* LaunchScreen.storyboard */; };
/* End PBXBuildFile section */

/* Begin PBXFileReference section */
		1F13F5C220A5473F005A26B9 /* CenteredCollectionViewFlowLayout.swift */ = {isa = PBXFileReference; lastKnownFileType = sourcecode.swift; path = CenteredCollectionViewFlowLayout.swift; sourceTree = "<group>"; };
		1FCD9EFA20A54BE7008D0B93 /* PagingFlowLayout.swift */ = {isa = PBXFileReference; lastKnownFileType = sourcecode.swift; path = PagingFlowLayout.swift; sourceTree = "<group>"; };
		F0FC750120A4F99D004EB5F1 /* PaginationCollectionView.app */ = {isa = PBXFileReference; explicitFileType = wrapper.application; includeInIndex = 0; path = PaginationCollectionView.app; sourceTree = BUILT_PRODUCTS_DIR; };
		F0FC750420A4F99D004EB5F1 /* AppDelegate.swift */ = {isa = PBXFileReference; lastKnownFileType = sourcecode.swift; path = AppDelegate.swift; sourceTree = "<group>"; };
		F0FC750620A4F99E004EB5F1 /* ViewController.swift */ = {isa = PBXFileReference; lastKnownFileType = sourcecode.swift; path = ViewController.swift; sourceTree = "<group>"; };
		F0FC750920A4F99E004EB5F1 /* Base */ = {isa = PBXFileReference; lastKnownFileType = file.storyboard; name = Base; path = Base.lproj/Main.storyboard; sourceTree = "<group>"; };
		F0FC750B20A4F9A0004EB5F1 /* Assets.xcassets */ = {isa = PBXFileReference; lastKnownFileType = folder.assetcatalog; path = Assets.xcassets; sourceTree = "<group>"; };
		F0FC750E20A4F9A0004EB5F1 /* Base */ = {isa = PBXFileReference; lastKnownFileType = file.storyboard; name = Base; path = Base.lproj/LaunchScreen.storyboard; sourceTree = "<group>"; };
		F0FC751020A4F9A0004EB5F1 /* Info.plist */ = {isa = PBXFileReference; lastKnownFileType = text.plist.xml; path = Info.plist; sourceTree = "<group>"; };
/* End PBXFileReference section */

/* Begin PBXFrameworksBuildPhase section */
		F0FC74FE20A4F99D004EB5F1 /* Frameworks */ = {
			isa = PBXFrameworksBuildPhase;
			buildActionMask = 2147483647;
			files = (
			);
			runOnlyForDeploymentPostprocessing = 0;
		};
/* End PBXFrameworksBuildPhase section */

/* Begin PBXGroup section */
		F0FC74F820A4F99D004EB5F1 = {
			isa = PBXGroup;
			children = (
				F0FC750320A4F99D004EB5F1 /* PaginationCollectionView */,
				F0FC750220A4F99D004EB5F1 /* Products */,
			);
			sourceTree = "<group>";
		};
		F0FC750220A4F99D004EB5F1 /* Products */ = {
			isa = PBXGroup;
			children = (
				F0FC750120A4F99D004EB5F1 /* PaginationCollectionView.app */,
			);
			name = Products;
			sourceTree = "<group>";
		};
		F0FC750320A4F99D004EB5F1 /* PaginationCollectionView */ = {
			isa = PBXGroup;
			children = (
				F0FC750420A4F99D004EB5F1 /* AppDelegate.swift */,
				F0FC750620A4F99E004EB5F1 /* ViewController.swift */,
				1F13F5C220A5473F005A26B9 /* CenteredCollectionViewFlowLayout.swift */,
				1FCD9EFA20A54BE7008D0B93 /* PagingFlowLayout.swift */,
				F0FC750820A4F99E004EB5F1 /* Main.storyboard */,
				F0FC750B20A4F9A0004EB5F1 /* Assets.xcassets */,
				F0FC750D20A4F9A0004EB5F1 /* LaunchScreen.storyboard */,
				F0FC751020A4F9A0004EB5F1 /* Info.plist */,
			);
			path = PaginationCollectionView;
			sourceTree = "<group>";
		};
/* End PBXGroup section */

/* Begin PBXNativeTarget section */
		F0FC750020A4F99D004EB5F1 /* PaginationCollectionView */ = {
			isa = PBXNativeTarget;
			buildConfigurationList = F0FC751320A4F9A0004EB5F1 /* Build configuration list for PBXNativeTarget "PaginationCollectionView" */;
			buildPhases = (
				F0FC74FD20A4F99D004EB5F1 /* Sources */,
				F0FC74FE20A4F99D004EB5F1 /* Frameworks */,
				F0FC74FF20A4F99D004EB5F1 /* Resources */,
			);
			buildRules = (
			);
			dependencies = (
			);
			name = PaginationCollectionView;
			productName = PaginationCollectionView;
			productReference = F0FC750120A4F99D004EB5F1 /* PaginationCollectionView.app */;
			productType = "com.apple.product-type.application";
		};
/* End PBXNativeTarget section */

/* Begin PBXProject section */
		F0FC74F920A4F99D004EB5F1 /* Project object */ = {
			isa = PBXProject;
			attributes = {
				LastSwiftUpdateCheck = 0930;
				LastUpgradeCheck = 0930;
				ORGANIZATIONNAME = VictorChee;
				TargetAttributes = {
					F0FC750020A4F99D004EB5F1 = {
						CreatedOnToolsVersion = 9.3;
					};
				};
			};
			buildConfigurationList = F0FC74FC20A4F99D004EB5F1 /* Build configuration list for PBXProject "PaginationCollectionView" */;
			compatibilityVersion = "Xcode 9.3";
			developmentRegion = en;
			hasScannedForEncodings = 0;
			knownRegions = (
				en,
				Base,
			);
			mainGroup = F0FC74F820A4F99D004EB5F1;
			productRefGroup = F0FC750220A4F99D004EB5F1 /* Products */;
			projectDirPath = "";
			projectRoot = "";
			targets = (
				F0FC750020A4F99D004EB5F1 /* PaginationCollectionView */,
			);
		};
/* End PBXProject section */

/* Begin PBXResourcesBuildPhase section */
		F0FC74FF20A4F99D004EB5F1 /* Resources */ = {
			isa = PBXResourcesBuildPhase;
			buildActionMask = 2147483647;
			files = (
				F0FC750F20A4F9A0004EB5F1 /* LaunchScreen.storyboard in Resources */,
				F0FC750C20A4F9A0004EB5F1 /* Assets.xcassets in Resources */,
				F0FC750A20A4F99E004EB5F1 /* Main.storyboard in Resources */,
			);
			runOnlyForDeploymentPostprocessing = 0;
		};
/* End PBXResourcesBuildPhase section */

/* Begin PBXSourcesBuildPhase section */
		F0FC74FD20A4F99D004EB5F1 /* Sources */ = {
			isa = PBXSourcesBuildPhase;
			buildActionMask = 2147483647;
			files = (
				F0FC750720A4F99E004EB5F1 /* ViewController.swift in Sources */,
				1FCD9EFB20A54BE7008D0B93 /* PagingFlowLayout.swift in Sources */,
				F0FC750520A4F99D004EB5F1 /* AppDelegate.swift in Sources */,
				1F13F5C320A5473F005A26B9 /* CenteredCollectionViewFlowLayout.swift in Sources */,
			);
			runOnlyForDeploymentPostprocessing = 0;
		};
/* End PBXSourcesBuildPhase section */

/* Begin PBXVariantGroup section */
		F0FC750820A4F99E004EB5F1 /* Main.storyboard */ = {
			isa = PBXVariantGroup;
			children = (
				F0FC750920A4F99E004EB5F1 /* Base */,
			);
			name = Main.storyboard;
			sourceTree = "<group>";
		};
		F0FC750D20A4F9A0004EB5F1 /* LaunchScreen.storyboard */ = {
			isa = PBXVariantGroup;
			children = (
				F0FC750E20A4F9A0004EB5F1 /* Base */,
			);
			name = LaunchScreen.storyboard;
			sourceTree = "<group>";
		};
/* End PBXVariantGroup section */

/* Begin XCBuildConfiguration section */
		F0FC751120A4F9A0004EB5F1 /* Debug */ = {
			isa = XCBuildConfiguration;
			buildSettings = {
				ALWAYS_SEARCH_USER_PATHS = NO;
				CLANG_ANALYZER_NONNULL = YES;
				CLANG_ANALYZER_NUMBER_OBJECT_CONVERSION = YES_AGGRESSIVE;
				CLANG_CXX_LANGUAGE_STANDARD = "gnu++14";
				CLANG_CXX_LIBRARY = "libc++";
				CLANG_ENABLE_MODULES = YES;
				CLANG_ENABLE_OBJC_ARC = YES;
				CLANG_ENABLE_OBJC_WEAK = YES;
				CLANG_WARN_BLOCK_CAPTURE_AUTORELEASING = YES;
				CLANG_WARN_BOOL_CONVERSION = YES;
				CLANG_WARN_COMMA = YES;
				CLANG_WARN_CONSTANT_CONVERSION = YES;
				CLANG_WARN_DEPRECATED_OBJC_IMPLEMENTATIONS = YES;
				CLANG_WARN_DIRECT_OBJC_ISA_USAGE = YES_ERROR;
				CLANG_WARN_DOCUMENTATION_COMMENTS = YES;
				CLANG_WARN_EMPTY_BODY = YES;
				CLANG_WARN_ENUM_CONVERSION = YES;
				CLANG_WARN_INFINITE_RECURSION = YES;
				CLANG_WARN_INT_CONVERSION = YES;
				CLANG_WARN_NON_LITERAL_NULL_CONVERSION = YES;
				CLANG_WARN_OBJC_IMPLICIT_RETAIN_SELF = YES;
				CLANG_WARN_OBJC_LITERAL_CONVERSION = YES;
				CLANG_WARN_OBJC_ROOT_CLASS = YES_ERROR;
				CLANG_WARN_RANGE_LOOP_ANALYSIS = YES;
				CLANG_WARN_STRICT_PROTOTYPES = YES;
				CLANG_WARN_SUSPICIOUS_MOVE = YES;
				CLANG_WARN_UNGUARDED_AVAILABILITY = YES_AGGRESSIVE;
				CLANG_WARN_UNREACHABLE_CODE = YES;
				CLANG_WARN__DUPLICATE_METHOD_MATCH = YES;
				CODE_SIGN_IDENTITY = "iPhone Developer";
				COPY_PHASE_STRIP = NO;
				DEBUG_INFORMATION_FORMAT = dwarf;
				ENABLE_STRICT_OBJC_MSGSEND = YES;
				ENABLE_TESTABILITY = YES;
				GCC_C_LANGUAGE_STANDARD = gnu11;
				GCC_DYNAMIC_NO_PIC = NO;
				GCC_NO_COMMON_BLOCKS = YES;
				GCC_OPTIMIZATION_LEVEL = 0;
				GCC_PREPROCESSOR_DEFINITIONS = (
					"DEBUG=1",
					"$(inherited)",
				);
				GCC_WARN_64_TO_32_BIT_CONVERSION = YES;
				GCC_WARN_ABOUT_RETURN_TYPE = YES_ERROR;
				GCC_WARN_UNDECLARED_SELECTOR = YES;
				GCC_WARN_UNINITIALIZED_AUTOS = YES_AGGRESSIVE;
				GCC_WARN_UNUSED_FUNCTION = YES;
				GCC_WARN_UNUSED_VARIABLE = YES;
				IPHONEOS_DEPLOYMENT_TARGET = 11.3;
				MTL_ENABLE_DEBUG_INFO = YES;
				ONLY_ACTIVE_ARCH = YES;
				SDKROOT = iphoneos;
				SWIFT_ACTIVE_COMPILATION_CONDITIONS = DEBUG;
				SWIFT_OPTIMIZATION_LEVEL = "-Onone";
			};
			name = Debug;
		};
		F0FC751220A4F9A0004EB5F1 /* Release */ = {
			isa = XCBuildConfiguration;
			buildSettings = {
				ALWAYS_SEARCH_USER_PATHS = NO;
				CLANG_ANALYZER_NONNULL = YES;
				CLANG_ANALYZER_NUMBER_OBJECT_CONVERSION = YES_AGGRESSIVE;
				CLANG_CXX_LANGUAGE_STANDARD = "gnu++14";
				CLANG_CXX_LIBRARY = "libc++";
				CLANG_ENABLE_MODULES = YES;
				CLANG_ENABLE_OBJC_ARC = YES;
				CLANG_ENABLE_OBJC_WEAK = YES;
				CLANG_WARN_BLOCK_CAPTURE_AUTORELEASING = YES;
				CLANG_WARN_BOOL_CONVERSION = YES;
				CLANG_WARN_COMMA = YES;
				CLANG_WARN_CONSTANT_CONVERSION = YES;
				CLANG_WARN_DEPRECATED_OBJC_IMPLEMENTATIONS = YES;
				CLANG_WARN_DIRECT_OBJC_ISA_USAGE = YES_ERROR;
				CLANG_WARN_DOCUMENTATION_COMMENTS = YES;
				CLANG_WARN_EMPTY_BODY = YES;
				CLANG_WARN_ENUM_CONVERSION = YES;
				CLANG_WARN_INFINITE_RECURSION = YES;
				CLANG_WARN_INT_CONVERSION = YES;
				CLANG_WARN_NON_LITERAL_NULL_CONVERSION = YES;
				CLANG_WARN_OBJC_IMPLICIT_RETAIN_SELF = YES;
				CLANG_WARN_OBJC_LITERAL_CONVERSION = YES;
				CLANG_WARN_OBJC_ROOT_CLASS = YES_ERROR;
				CLANG_WARN_RANGE_LOOP_ANALYSIS = YES;
				CLANG_WARN_STRICT_PROTOTYPES = YES;
				CLANG_WARN_SUSPICIOUS_MOVE = YES;
				CLANG_WARN_UNGUARDED_AVAILABILITY = YES_AGGRESSIVE;
				CLANG_WARN_UNREACHABLE_CODE = YES;
				CLANG_WARN__DUPLICATE_METHOD_MATCH = YES;
				CODE_SIGN_IDENTITY = "iPhone Developer";
				COPY_PHASE_STRIP = NO;
				DEBUG_INFORMATION_FORMAT = "dwarf-with-dsym";
				ENABLE_NS_ASSERTIONS = NO;
				ENABLE_STRICT_OBJC_MSGSEND = YES;
				GCC_C_LANGUAGE_STANDARD = gnu11;
				GCC_NO_COMMON_BLOCKS = YES;
				GCC_WARN_64_TO_32_BIT_CONVERSION = YES;
				GCC_WARN_ABOUT_RETURN_TYPE = YES_ERROR;
				GCC_WARN_UNDECLARED_SELECTOR = YES;
				GCC_WARN_UNINITIALIZED_AUTOS = YES_AGGRESSIVE;
				GCC_WARN_UNUSED_FUNCTION = YES;
				GCC_WARN_UNUSED_VARIABLE = YES;
				IPHONEOS_DEPLOYMENT_TARGET = 11.3;
				MTL_ENABLE_DEBUG_INFO = NO;
				SDKROOT = iphoneos;
				SWIFT_COMPILATION_MODE = wholemodule;
				SWIFT_OPTIMIZATION_LEVEL = "-O";
				VALIDATE_PRODUCT = YES;
			};
			name = Release;
		};
		F0FC751420A4F9A0004EB5F1 /* Debug */ = {
			isa = XCBuildConfiguration;
			buildSettings = {
				ASSETCATALOG_COMPILER_APPICON_NAME = AppIcon;
				CODE_SIGN_STYLE = Automatic;
				DEVELOPMENT_TEAM = 5H2TUBSY8A;
				INFOPLIST_FILE = PaginationCollectionView/Info.plist;
				LD_RUNPATH_SEARCH_PATHS = (
					"$(inherited)",
					"@executable_path/Frameworks",
				);
				PRODUCT_BUNDLE_IDENTIFIER = com.victorchee.PaginationCollectionView;
				PRODUCT_NAME = "$(TARGET_NAME)";
				SWIFT_VERSION = 4.0;
				TARGETED_DEVICE_FAMILY = "1,2";
			};
			name = Debug;
		};
		F0FC751520A4F9A0004EB5F1 /* Release */ = {
			isa = XCBuildConfiguration;
			buildSettings = {
				ASSETCATALOG_COMPILER_APPICON_NAME = AppIcon;
				CODE_SIGN_STYLE = Automatic;
				DEVELOPMENT_TEAM = 5H2TUBSY8A;
				INFOPLIST_FILE = PaginationCollectionView/Info.plist;
				LD_RUNPATH_SEARCH_PATHS = (
					"$(inherited)",
					"@executable_path/Frameworks",
				);
				PRODUCT_BUNDLE_IDENTIFIER = com.victorchee.PaginationCollectionView;
				PRODUCT_NAME = "$(TARGET_NAME)";
				SWIFT_VERSION = 4.0;
				TARGETED_DEVICE_FAMILY = "1,2";
			};
			name = Release;
		};
/* End XCBuildConfiguration section */

/* Begin XCConfigurationList section */
		F0FC74FC20A4F99D004EB5F1 /* Build configuration list for PBXProject "PaginationCollectionView" */ = {
			isa = XCConfigurationList;
			buildConfigurations = (
				F0FC751120A4F9A0004EB5F1 /* Debug */,
				F0FC751220A4F9A0004EB5F1 /* Release */,
			);
			defaultConfigurationIsVisible = 0;
			defaultConfigurationName = Release;
		};
		F0FC751320A4F9A0004EB5F1 /* Build configuration list for PBXNativeTarget "PaginationCollectionView" */ = {
			isa = XCConfigurationList;
			buildConfigurations = (
				F0FC751420A4F9A0004EB5F1 /* Debug */,
				F0FC751520A4F9A0004EB5F1 /* Release */,
			);
			defaultConfigurationIsVisible = 0;
			defaultConfigurationName = Release;
		};
/* End XCConfigurationList section */
	};
	rootObject = F0FC74F920A4F99D004EB5F1 /* Project object */;
}
