// !$*UTF8*$!
{
	archiveVersion = 1;
	classes = {
	};
	objectVersion = 46;
	objects = {

/* Begin PBXBuildFile section */
		BB0335C51C0BF04D00D836FE /* AppDelegate.swift in Sources */ = {isa = PBXBuildFile; fileRef = BB0335C41C0BF04D00D836FE /* AppDelegate.swift */; };
		BB0335CA1C0BF04D00D836FE /* Main.storyboard in Resources */ = {isa = PBXBuildFile; fileRef = BB0335C81C0BF04D00D836FE /* Main.storyboard */; };
		BB0335CC1C0BF04D00D836FE /* Assets.xcassets in Resources */ = {isa = PBXBuildFile; fileRef = BB0335CB1C0BF04D00D836FE /* Assets.xcassets */; };
		BB0335CF1C0BF04D00D836FE /* LaunchScreen.storyboard in Resources */ = {isa = PBXBuildFile; fileRef = BB0335CD1C0BF04D00D836FE /* LaunchScreen.storyboard */; };
		BB0335D71C0BF0E900D836FE /* UIImage+Extension.swift in Sources */ = {isa = PBXBuildFile; fileRef = BB0335D61C0BF0E900D836FE /* UIImage+Extension.swift */; };
		BB0335D91C0BF5B200D836FE /* BookStore.swift in Sources */ = {isa = PBXBuildFile; fileRef = BB0335D81C0BF5B200D836FE /* BookStore.swift */; };
		BB0335DB1C0BF5BC00D836FE /* Book.swift in Sources */ = {isa = PBXBuildFile; fileRef = BB0335DA1C0BF5BC00D836FE /* Book.swift */; };
		BB0335DD1C0BF5C500D836FE /* Books.plist in Resources */ = {isa = PBXBuildFile; fileRef = BB0335DC1C0BF5C500D836FE /* Books.plist */; };
		BB0335E01C0BF9E700D836FE /* BookStoreViewController.swift in Sources */ = {isa = PBXBuildFile; fileRef = BB0335DF1C0BF9E700D836FE /* BookStoreViewController.swift */; };
		BB0335E21C0BFA0800D836FE /* BookCoverCell.swift in Sources */ = {isa = PBXBuildFile; fileRef = BB0335E11C0BFA0800D836FE /* BookCoverCell.swift */; };
		BB0335E41C0C1AA300D836FE /* BookPageCell.swift in Sources */ = {isa = PBXBuildFile; fileRef = BB0335E31C0C1AA300D836FE /* BookPageCell.swift */; };
		BB0335E61C0C1AB200D836FE /* BookViewController.swift in Sources */ = {isa = PBXBuildFile; fileRef = BB0335E51C0C1AB200D836FE /* BookViewController.swift */; };
		BB0335E81C0C23AC00D836FE /* BookStoreLayout.swift in Sources */ = {isa = PBXBuildFile; fileRef = BB0335E71C0C23AC00D836FE /* BookStoreLayout.swift */; };
		BB0335EA1C0C2BD100D836FE /* BookLayout.swift in Sources */ = {isa = PBXBuildFile; fileRef = BB0335E91C0C2BD100D836FE /* BookLayout.swift */; };
/* End PBXBuildFile section */

/* Begin PBXFileReference section */
		BB0335C11C0BF04D00D836FE /* BookCollectionView.app */ = {isa = PBXFileReference; explicitFileType = wrapper.application; includeInIndex = 0; path = BookCollectionView.app; sourceTree = BUILT_PRODUCTS_DIR; };
		BB0335C41C0BF04D00D836FE /* AppDelegate.swift */ = {isa = PBXFileReference; lastKnownFileType = sourcecode.swift; path = AppDelegate.swift; sourceTree = "<group>"; };
		BB0335C91C0BF04D00D836FE /* Base */ = {isa = PBXFileReference; lastKnownFileType = file.storyboard; name = Base; path = Base.lproj/Main.storyboard; sourceTree = "<group>"; };
		BB0335CB1C0BF04D00D836FE /* Assets.xcassets */ = {isa = PBXFileReference; lastKnownFileType = folder.assetcatalog; path = Assets.xcassets; sourceTree = "<group>"; };
		BB0335CE1C0BF04D00D836FE /* Base */ = {isa = PBXFileReference; lastKnownFileType = file.storyboard; name = Base; path = Base.lproj/LaunchScreen.storyboard; sourceTree = "<group>"; };
		BB0335D01C0BF04D00D836FE /* Info.plist */ = {isa = PBXFileReference; lastKnownFileType = text.plist.xml; path = Info.plist; sourceTree = "<group>"; };
		BB0335D61C0BF0E900D836FE /* UIImage+Extension.swift */ = {isa = PBXFileReference; fileEncoding = 4; lastKnownFileType = sourcecode.swift; path = "UIImage+Extension.swift"; sourceTree = "<group>"; };
		BB0335D81C0BF5B200D836FE /* BookStore.swift */ = {isa = PBXFileReference; fileEncoding = 4; lastKnownFileType = sourcecode.swift; path = BookStore.swift; sourceTree = "<group>"; };
		BB0335DA1C0BF5BC00D836FE /* Book.swift */ = {isa = PBXFileReference; fileEncoding = 4; lastKnownFileType = sourcecode.swift; path = Book.swift; sourceTree = "<group>"; };
		BB0335DC1C0BF5C500D836FE /* Books.plist */ = {isa = PBXFileReference; fileEncoding = 4; lastKnownFileType = text.plist.xml; path = Books.plist; sourceTree = "<group>"; };
		BB0335DF1C0BF9E700D836FE /* BookStoreViewController.swift */ = {isa = PBXFileReference; fileEncoding = 4; lastKnownFileType = sourcecode.swift; path = BookStoreViewController.swift; sourceTree = "<group>"; };
		BB0335E11C0BFA0800D836FE /* BookCoverCell.swift */ = {isa = PBXFileReference; fileEncoding = 4; lastKnownFileType = sourcecode.swift; path = BookCoverCell.swift; sourceTree = "<group>"; };
		BB0335E31C0C1AA300D836FE /* BookPageCell.swift */ = {isa = PBXFileReference; fileEncoding = 4; lastKnownFileType = sourcecode.swift; path = BookPageCell.swift; sourceTree = "<group>"; };
		BB0335E51C0C1AB200D836FE /* BookViewController.swift */ = {isa = PBXFileReference; fileEncoding = 4; lastKnownFileType = sourcecode.swift; path = BookViewController.swift; sourceTree = "<group>"; };
		BB0335E71C0C23AC00D836FE /* BookStoreLayout.swift */ = {isa = PBXFileReference; fileEncoding = 4; lastKnownFileType = sourcecode.swift; path = BookStoreLayout.swift; sourceTree = "<group>"; };
		BB0335E91C0C2BD100D836FE /* BookLayout.swift */ = {isa = PBXFileReference; fileEncoding = 4; lastKnownFileType = sourcecode.swift; path = BookLayout.swift; sourceTree = "<group>"; };
/* End PBXFileReference section */

/* Begin PBXFrameworksBuildPhase section */
		BB0335BE1C0BF04D00D836FE /* Frameworks */ = {
			isa = PBXFrameworksBuildPhase;
			buildActionMask = 2147483647;
			files = (
			);
			runOnlyForDeploymentPostprocessing = 0;
		};
/* End PBXFrameworksBuildPhase section */

/* Begin PBXGroup section */
		BB0335B81C0BF04C00D836FE = {
			isa = PBXGroup;
			children = (
				BB0335C31C0BF04D00D836FE /* BookCollectionView */,
				BB0335C21C0BF04D00D836FE /* Products */,
			);
			sourceTree = "<group>";
		};
		BB0335C21C0BF04D00D836FE /* Products */ = {
			isa = PBXGroup;
			children = (
				BB0335C11C0BF04D00D836FE /* BookCollectionView.app */,
			);
			name = Products;
			sourceTree = "<group>";
		};
		BB0335C31C0BF04D00D836FE /* BookCollectionView */ = {
			isa = PBXGroup;
			children = (
				BB0335C41C0BF04D00D836FE /* AppDelegate.swift */,
				BB0335DF1C0BF9E700D836FE /* BookStoreViewController.swift */,
				BB0335E11C0BFA0800D836FE /* BookCoverCell.swift */,
				BB0335E71C0C23AC00D836FE /* BookStoreLayout.swift */,
				BB0335E51C0C1AB200D836FE /* BookViewController.swift */,
				BB0335E31C0C1AA300D836FE /* BookPageCell.swift */,
				BB0335E91C0C2BD100D836FE /* BookLayout.swift */,
				BB0335DE1C0BF9B500D836FE /* DataModel */,
				BB0335D61C0BF0E900D836FE /* UIImage+Extension.swift */,
				BB0335C81C0BF04D00D836FE /* Main.storyboard */,
				BB0335CB1C0BF04D00D836FE /* Assets.xcassets */,
				BB0335CD1C0BF04D00D836FE /* LaunchScreen.storyboard */,
				BB0335D01C0BF04D00D836FE /* Info.plist */,
			);
			path = BookCollectionView;
			sourceTree = "<group>";
		};
		BB0335DE1C0BF9B500D836FE /* DataModel */ = {
			isa = PBXGroup;
			children = (
				BB0335D81C0BF5B200D836FE /* BookStore.swift */,
				BB0335DA1C0BF5BC00D836FE /* Book.swift */,
				BB0335DC1C0BF5C500D836FE /* Books.plist */,
			);
			name = DataModel;
			sourceTree = "<group>";
		};
/* End PBXGroup section */

/* Begin PBXNativeTarget section */
		BB0335C01C0BF04D00D836FE /* BookCollectionView */ = {
			isa = PBXNativeTarget;
			buildConfigurationList = BB0335D31C0BF04D00D836FE /* Build configuration list for PBXNativeTarget "BookCollectionView" */;
			buildPhases = (
				BB0335BD1C0BF04D00D836FE /* Sources */,
				BB0335BE1C0BF04D00D836FE /* Frameworks */,
				BB0335BF1C0BF04D00D836FE /* Resources */,
			);
			buildRules = (
			);
			dependencies = (
			);
			name = BookCollectionView;
			productName = BookCollectionView;
			productReference = BB0335C11C0BF04D00D836FE /* BookCollectionView.app */;
			productType = "com.apple.product-type.application";
		};
/* End PBXNativeTarget section */

/* Begin PBXProject section */
		BB0335B91C0BF04C00D836FE /* Project object */ = {
			isa = PBXProject;
			attributes = {
				LastSwiftUpdateCheck = 0710;
				LastUpgradeCheck = 0710;
				ORGANIZATIONNAME = VictorChee;
				TargetAttributes = {
					BB0335C01C0BF04D00D836FE = {
						CreatedOnToolsVersion = 7.1.1;
					};
				};
			};
			buildConfigurationList = BB0335BC1C0BF04C00D836FE /* Build configuration list for PBXProject "BookCollectionView" */;
			compatibilityVersion = "Xcode 3.2";
			developmentRegion = English;
			hasScannedForEncodings = 0;
			knownRegions = (
				en,
				Base,
			);
			mainGroup = BB0335B81C0BF04C00D836FE;
			productRefGroup = BB0335C21C0BF04D00D836FE /* Products */;
			projectDirPath = "";
			projectRoot = "";
			targets = (
				BB0335C01C0BF04D00D836FE /* BookCollectionView */,
			);
		};
/* End PBXProject section */

/* Begin PBXResourcesBuildPhase section */
		BB0335BF1C0BF04D00D836FE /* Resources */ = {
			isa = PBXResourcesBuildPhase;
			buildActionMask = 2147483647;
			files = (
				BB0335CF1C0BF04D00D836FE /* LaunchScreen.storyboard in Resources */,
				BB0335CC1C0BF04D00D836FE /* Assets.xcassets in Resources */,
				BB0335CA1C0BF04D00D836FE /* Main.storyboard in Resources */,
				BB0335DD1C0BF5C500D836FE /* Books.plist in Resources */,
			);
			runOnlyForDeploymentPostprocessing = 0;
		};
/* End PBXResourcesBuildPhase section */

/* Begin PBXSourcesBuildPhase section */
		BB0335BD1C0BF04D00D836FE /* Sources */ = {
			isa = PBXSourcesBuildPhase;
			buildActionMask = 2147483647;
			files = (
				BB0335E21C0BFA0800D836FE /* BookCoverCell.swift in Sources */,
				BB0335D71C0BF0E900D836FE /* UIImage+Extension.swift in Sources */,
				BB0335E41C0C1AA300D836FE /* BookPageCell.swift in Sources */,
				BB0335D91C0BF5B200D836FE /* BookStore.swift in Sources */,
				BB0335EA1C0C2BD100D836FE /* BookLayout.swift in Sources */,
				BB0335DB1C0BF5BC00D836FE /* Book.swift in Sources */,
				BB0335E81C0C23AC00D836FE /* BookStoreLayout.swift in Sources */,
				BB0335E61C0C1AB200D836FE /* BookViewController.swift in Sources */,
				BB0335C51C0BF04D00D836FE /* AppDelegate.swift in Sources */,
				BB0335E01C0BF9E700D836FE /* BookStoreViewController.swift in Sources */,
			);
			runOnlyForDeploymentPostprocessing = 0;
		};
/* End PBXSourcesBuildPhase section */

/* Begin PBXVariantGroup section */
		BB0335C81C0BF04D00D836FE /* Main.storyboard */ = {
			isa = PBXVariantGroup;
			children = (
				BB0335C91C0BF04D00D836FE /* Base */,
			);
			name = Main.storyboard;
			sourceTree = "<group>";
		};
		BB0335CD1C0BF04D00D836FE /* LaunchScreen.storyboard */ = {
			isa = PBXVariantGroup;
			children = (
				BB0335CE1C0BF04D00D836FE /* Base */,
			);
			name = LaunchScreen.storyboard;
			sourceTree = "<group>";
		};
/* End PBXVariantGroup section */

/* Begin XCBuildConfiguration section */
		BB0335D11C0BF04D00D836FE /* Debug */ = {
			isa = XCBuildConfiguration;
			buildSettings = {
				ALWAYS_SEARCH_USER_PATHS = NO;
				CLANG_CXX_LANGUAGE_STANDARD = "gnu++0x";
				CLANG_CXX_LIBRARY = "libc++";
				CLANG_ENABLE_MODULES = YES;
				CLANG_ENABLE_OBJC_ARC = YES;
				CLANG_WARN_BOOL_CONVERSION = YES;
				CLANG_WARN_CONSTANT_CONVERSION = YES;
				CLANG_WARN_DIRECT_OBJC_ISA_USAGE = YES_ERROR;
				CLANG_WARN_EMPTY_BODY = YES;
				CLANG_WARN_ENUM_CONVERSION = YES;
				CLANG_WARN_INT_CONVERSION = YES;
				CLANG_WARN_OBJC_ROOT_CLASS = YES_ERROR;
				CLANG_WARN_UNREACHABLE_CODE = YES;
				CLANG_WARN__DUPLICATE_METHOD_MATCH = YES;
				"CODE_SIGN_IDENTITY[sdk=iphoneos*]" = "iPhone Developer";
				COPY_PHASE_STRIP = NO;
				DEBUG_INFORMATION_FORMAT = dwarf;
				ENABLE_STRICT_OBJC_MSGSEND = YES;
				ENABLE_TESTABILITY = YES;
				GCC_C_LANGUAGE_STANDARD = gnu99;
				GCC_DYNAMIC_NO_PIC = NO;
				GCC_NO_COMMON_BLOCKS = YES;
				GCC_OPTIMIZATION_LEVEL = 0;
				GCC_PREPROCESSOR_DEFINITIONS = (
					"DEBUG=1",
					"$(inherited)",
				);
				GCC_WARN_64_TO_32_BIT_CONVERSION = YES;
				GCC_WARN_ABOUT_RETURN_TYPE = YES_ERROR;
				GCC_WARN_UNDECLARED_SELECTOR = YES;
				GCC_WARN_UNINITIALIZED_AUTOS = YES_AGGRESSIVE;
				GCC_WARN_UNUSED_FUNCTION = YES;
				GCC_WARN_UNUSED_VARIABLE = YES;
				IPHONEOS_DEPLOYMENT_TARGET = 9.1;
				MTL_ENABLE_DEBUG_INFO = YES;
				ONLY_ACTIVE_ARCH = YES;
				SDKROOT = iphoneos;
				SWIFT_OPTIMIZATION_LEVEL = "-Onone";
				TARGETED_DEVICE_FAMILY = "1,2";
			};
			name = Debug;
		};
		BB0335D21C0BF04D00D836FE /* Release */ = {
			isa = XCBuildConfiguration;
			buildSettings = {
				ALWAYS_SEARCH_USER_PATHS = NO;
				CLANG_CXX_LANGUAGE_STANDARD = "gnu++0x";
				CLANG_CXX_LIBRARY = "libc++";
				CLANG_ENABLE_MODULES = YES;
				CLANG_ENABLE_OBJC_ARC = YES;
				CLANG_WARN_BOOL_CONVERSION = YES;
				CLANG_WARN_CONSTANT_CONVERSION = YES;
				CLANG_WARN_DIRECT_OBJC_ISA_USAGE = YES_ERROR;
				CLANG_WARN_EMPTY_BODY = YES;
				CLANG_WARN_ENUM_CONVERSION = YES;
				CLANG_WARN_INT_CONVERSION = YES;
				CLANG_WARN_OBJC_ROOT_CLASS = YES_ERROR;
				CLANG_WARN_UNREACHABLE_CODE = YES;
				CLANG_WARN__DUPLICATE_METHOD_MATCH = YES;
				"CODE_SIGN_IDENTITY[sdk=iphoneos*]" = "iPhone Developer";
				COPY_PHASE_STRIP = NO;
				DEBUG_INFORMATION_FORMAT = "dwarf-with-dsym";
				ENABLE_NS_ASSERTIONS = NO;
				ENABLE_STRICT_OBJC_MSGSEND = YES;
				GCC_C_LANGUAGE_STANDARD = gnu99;
				GCC_NO_COMMON_BLOCKS = YES;
				GCC_WARN_64_TO_32_BIT_CONVERSION = YES;
				GCC_WARN_ABOUT_RETURN_TYPE = YES_ERROR;
				GCC_WARN_UNDECLARED_SELECTOR = YES;
				GCC_WARN_UNINITIALIZED_AUTOS = YES_AGGRESSIVE;
				GCC_WARN_UNUSED_FUNCTION = YES;
				GCC_WARN_UNUSED_VARIABLE = YES;
				IPHONEOS_DEPLOYMENT_TARGET = 9.1;
				MTL_ENABLE_DEBUG_INFO = NO;
				SDKROOT = iphoneos;
				TARGETED_DEVICE_FAMILY = "1,2";
				VALIDATE_PRODUCT = YES;
			};
			name = Release;
		};
		BB0335D41C0BF04D00D836FE /* Debug */ = {
			isa = XCBuildConfiguration;
			buildSettings = {
				ASSETCATALOG_COMPILER_APPICON_NAME = AppIcon;
				INFOPLIST_FILE = BookCollectionView/Info.plist;
				LD_RUNPATH_SEARCH_PATHS = "$(inherited) @executable_path/Frameworks";
				PRODUCT_BUNDLE_IDENTIFIER = com.victorchee.BookCollectionView;
				PRODUCT_NAME = "$(TARGET_NAME)";
			};
			name = Debug;
		};
		BB0335D51C0BF04D00D836FE /* Release */ = {
			isa = XCBuildConfiguration;
			buildSettings = {
				ASSETCATALOG_COMPILER_APPICON_NAME = AppIcon;
				INFOPLIST_FILE = BookCollectionView/Info.plist;
				LD_RUNPATH_SEARCH_PATHS = "$(inherited) @executable_path/Frameworks";
				PRODUCT_BUNDLE_IDENTIFIER = com.victorchee.BookCollectionView;
				PRODUCT_NAME = "$(TARGET_NAME)";
			};
			name = Release;
		};
/* End XCBuildConfiguration section */

/* Begin XCConfigurationList section */
		BB0335BC1C0BF04C00D836FE /* Build configuration list for PBXProject "BookCollectionView" */ = {
			isa = XCConfigurationList;
			buildConfigurations = (
				BB0335D11C0BF04D00D836FE /* Debug */,
				BB0335D21C0BF04D00D836FE /* Release */,
			);
			defaultConfigurationIsVisible = 0;
			defaultConfigurationName = Release;
		};
		BB0335D31C0BF04D00D836FE /* Build configuration list for PBXNativeTarget "BookCollectionView" */ = {
			isa = XCConfigurationList;
			buildConfigurations = (
				BB0335D41C0BF04D00D836FE /* Debug */,
				BB0335D51C0BF04D00D836FE /* Release */,
			);
			defaultConfigurationIsVisible = 0;
		};
/* End XCConfigurationList section */
	};
	rootObject = BB0335B91C0BF04C00D836FE /* Project object */;
}
